// !$*UTF8*$!
{
	archiveVersion = 1;
	classes = {
	};
	objectVersion = 50;
	objects = {

/* Begin PBXBuildFile section */
		CEBD557D26BAE4CE00D15DE9 /* AppDelegate.m in Sources */ = {isa = PBXBuildFile; fileRef = CEBD557C26BAE4CE00D15DE9 /* AppDelegate.m */; };
		CEBD558026BAE4CE00D15DE9 /* SceneDelegate.m in Sources */ = {isa = PBXBuildFile; fileRef = CEBD557F26BAE4CE00D15DE9 /* SceneDelegate.m */; };
		CEBD558326BAE4CE00D15DE9 /* ViewController.m in Sources */ = {isa = PBXBuildFile; fileRef = CEBD558226BAE4CE00D15DE9 /* ViewController.m */; };
		CEBD558626BAE4CE00D15DE9 /* Main.storyboard in Resources */ = {isa = PBXBuildFile; fileRef = CEBD558426BAE4CE00D15DE9 /* Main.storyboard */; };
		CEBD558926BAE4CE00D15DE9 /* AgendaDeContatos.xcdatamodeld in Sources */ = {isa = PBXBuildFile; fileRef = CEBD558726BAE4CE00D15DE9 /* AgendaDeContatos.xcdatamodeld */; };
		CEBD558B26BAE4CF00D15DE9 /* Assets.xcassets in Resources */ = {isa = PBXBuildFile; fileRef = CEBD558A26BAE4CF00D15DE9 /* Assets.xcassets */; };
		CEBD558E26BAE4CF00D15DE9 /* LaunchScreen.storyboard in Resources */ = {isa = PBXBuildFile; fileRef = CEBD558C26BAE4CF00D15DE9 /* LaunchScreen.storyboard */; };
		CEBD559126BAE4CF00D15DE9 /* main.m in Sources */ = {isa = PBXBuildFile; fileRef = CEBD559026BAE4CF00D15DE9 /* main.m */; };
		CEBD559B26BAE4D000D15DE9 /* AgendaDeContatosTests.m in Sources */ = {isa = PBXBuildFile; fileRef = CEBD559A26BAE4D000D15DE9 /* AgendaDeContatosTests.m */; };
		CEBD55A626BAE4D000D15DE9 /* AgendaDeContatosUITests.m in Sources */ = {isa = PBXBuildFile; fileRef = CEBD55A526BAE4D000D15DE9 /* AgendaDeContatosUITests.m */; };
		CEBD55B526BB237D00D15DE9 /* Contato.m in Sources */ = {isa = PBXBuildFile; fileRef = CEBD55B426BB237D00D15DE9 /* Contato.m */; };
		CEBD55B826BB407E00D15DE9 /* ListaDeContatos.m in Sources */ = {isa = PBXBuildFile; fileRef = CEBD55B726BB407E00D15DE9 /* ListaDeContatos.m */; };
/* End PBXBuildFile section */

/* Begin PBXContainerItemProxy section */
		CEBD559726BAE4D000D15DE9 /* PBXContainerItemProxy */ = {
			isa = PBXContainerItemProxy;
			containerPortal = CEBD557026BAE4CE00D15DE9 /* Project object */;
			proxyType = 1;
			remoteGlobalIDString = CEBD557726BAE4CE00D15DE9;
			remoteInfo = AgendaDeContatos;
		};
		CEBD55A226BAE4D000D15DE9 /* PBXContainerItemProxy */ = {
			isa = PBXContainerItemProxy;
			containerPortal = CEBD557026BAE4CE00D15DE9 /* Project object */;
			proxyType = 1;
			remoteGlobalIDString = CEBD557726BAE4CE00D15DE9;
			remoteInfo = AgendaDeContatos;
		};
/* End PBXContainerItemProxy section */

/* Begin PBXFileReference section */
		CEBD557826BAE4CE00D15DE9 /* AgendaDeContatos.app */ = {isa = PBXFileReference; explicitFileType = wrapper.application; includeInIndex = 0; path = AgendaDeContatos.app; sourceTree = BUILT_PRODUCTS_DIR; };
		CEBD557B26BAE4CE00D15DE9 /* AppDelegate.h */ = {isa = PBXFileReference; lastKnownFileType = sourcecode.c.h; path = AppDelegate.h; sourceTree = "<group>"; };
		CEBD557C26BAE4CE00D15DE9 /* AppDelegate.m */ = {isa = PBXFileReference; lastKnownFileType = sourcecode.c.objc; path = AppDelegate.m; sourceTree = "<group>"; };
		CEBD557E26BAE4CE00D15DE9 /* SceneDelegate.h */ = {isa = PBXFileReference; lastKnownFileType = sourcecode.c.h; path = SceneDelegate.h; sourceTree = "<group>"; };
		CEBD557F26BAE4CE00D15DE9 /* SceneDelegate.m */ = {isa = PBXFileReference; lastKnownFileType = sourcecode.c.objc; path = SceneDelegate.m; sourceTree = "<group>"; };
		CEBD558126BAE4CE00D15DE9 /* ViewController.h */ = {isa = PBXFileReference; lastKnownFileType = sourcecode.c.h; path = ViewController.h; sourceTree = "<group>"; };
		CEBD558226BAE4CE00D15DE9 /* ViewController.m */ = {isa = PBXFileReference; lastKnownFileType = sourcecode.c.objc; path = ViewController.m; sourceTree = "<group>"; };
		CEBD558526BAE4CE00D15DE9 /* Base */ = {isa = PBXFileReference; lastKnownFileType = file.storyboard; name = Base; path = Base.lproj/Main.storyboard; sourceTree = "<group>"; };
		CEBD558826BAE4CE00D15DE9 /* AgendaDeContatos.xcdatamodel */ = {isa = PBXFileReference; lastKnownFileType = wrapper.xcdatamodel; path = AgendaDeContatos.xcdatamodel; sourceTree = "<group>"; };
		CEBD558A26BAE4CF00D15DE9 /* Assets.xcassets */ = {isa = PBXFileReference; lastKnownFileType = folder.assetcatalog; path = Assets.xcassets; sourceTree = "<group>"; };
		CEBD558D26BAE4CF00D15DE9 /* Base */ = {isa = PBXFileReference; lastKnownFileType = file.storyboard; name = Base; path = Base.lproj/LaunchScreen.storyboard; sourceTree = "<group>"; };
		CEBD558F26BAE4CF00D15DE9 /* Info.plist */ = {isa = PBXFileReference; lastKnownFileType = text.plist.xml; path = Info.plist; sourceTree = "<group>"; };
		CEBD559026BAE4CF00D15DE9 /* main.m */ = {isa = PBXFileReference; lastKnownFileType = sourcecode.c.objc; path = main.m; sourceTree = "<group>"; };
		CEBD559626BAE4D000D15DE9 /* AgendaDeContatosTests.xctest */ = {isa = PBXFileReference; explicitFileType = wrapper.cfbundle; includeInIndex = 0; path = AgendaDeContatosTests.xctest; sourceTree = BUILT_PRODUCTS_DIR; };
		CEBD559A26BAE4D000D15DE9 /* AgendaDeContatosTests.m */ = {isa = PBXFileReference; lastKnownFileType = sourcecode.c.objc; path = AgendaDeContatosTests.m; sourceTree = "<group>"; };
		CEBD559C26BAE4D000D15DE9 /* Info.plist */ = {isa = PBXFileReference; lastKnownFileType = text.plist.xml; path = Info.plist; sourceTree = "<group>"; };
		CEBD55A126BAE4D000D15DE9 /* AgendaDeContatosUITests.xctest */ = {isa = PBXFileReference; explicitFileType = wrapper.cfbundle; includeInIndex = 0; path = AgendaDeContatosUITests.xctest; sourceTree = BUILT_PRODUCTS_DIR; };
		CEBD55A526BAE4D000D15DE9 /* AgendaDeContatosUITests.m */ = {isa = PBXFileReference; lastKnownFileType = sourcecode.c.objc; path = AgendaDeContatosUITests.m; sourceTree = "<group>"; };
		CEBD55A726BAE4D000D15DE9 /* Info.plist */ = {isa = PBXFileReference; lastKnownFileType = text.plist.xml; path = Info.plist; sourceTree = "<group>"; };
		CEBD55B326BB237D00D15DE9 /* Contato.h */ = {isa = PBXFileReference; lastKnownFileType = sourcecode.c.h; path = Contato.h; sourceTree = "<group>"; };
		CEBD55B426BB237D00D15DE9 /* Contato.m */ = {isa = PBXFileReference; lastKnownFileType = sourcecode.c.objc; path = Contato.m; sourceTree = "<group>"; };
		CEBD55B626BB407E00D15DE9 /* ListaDeContatos.h */ = {isa = PBXFileReference; lastKnownFileType = sourcecode.c.h; path = ListaDeContatos.h; sourceTree = "<group>"; };
		CEBD55B726BB407E00D15DE9 /* ListaDeContatos.m */ = {isa = PBXFileReference; lastKnownFileType = sourcecode.c.objc; path = ListaDeContatos.m; sourceTree = "<group>"; };
/* End PBXFileReference section */

/* Begin PBXFrameworksBuildPhase section */
		CEBD557526BAE4CE00D15DE9 /* Frameworks */ = {
			isa = PBXFrameworksBuildPhase;
			buildActionMask = 2147483647;
			files = (
			);
			runOnlyForDeploymentPostprocessing = 0;
		};
		CEBD559326BAE4D000D15DE9 /* Frameworks */ = {
			isa = PBXFrameworksBuildPhase;
			buildActionMask = 2147483647;
			files = (
			);
			runOnlyForDeploymentPostprocessing = 0;
		};
		CEBD559E26BAE4D000D15DE9 /* Frameworks */ = {
			isa = PBXFrameworksBuildPhase;
			buildActionMask = 2147483647;
			files = (
			);
			runOnlyForDeploymentPostprocessing = 0;
		};
/* End PBXFrameworksBuildPhase section */

/* Begin PBXGroup section */
		CEBD556F26BAE4CE00D15DE9 = {
			isa = PBXGroup;
			children = (
				CEBD557A26BAE4CE00D15DE9 /* AgendaDeContatos */,
				CEBD559926BAE4D000D15DE9 /* AgendaDeContatosTests */,
				CEBD55A426BAE4D000D15DE9 /* AgendaDeContatosUITests */,
				CEBD557926BAE4CE00D15DE9 /* Products */,
			);
			sourceTree = "<group>";
		};
		CEBD557926BAE4CE00D15DE9 /* Products */ = {
			isa = PBXGroup;
			children = (
				CEBD557826BAE4CE00D15DE9 /* AgendaDeContatos.app */,
				CEBD559626BAE4D000D15DE9 /* AgendaDeContatosTests.xctest */,
				CEBD55A126BAE4D000D15DE9 /* AgendaDeContatosUITests.xctest */,
			);
			name = Products;
			sourceTree = "<group>";
		};
		CEBD557A26BAE4CE00D15DE9 /* AgendaDeContatos */ = {
			isa = PBXGroup;
			children = (
				CEBD557B26BAE4CE00D15DE9 /* AppDelegate.h */,
				CEBD557C26BAE4CE00D15DE9 /* AppDelegate.m */,
				CEBD557E26BAE4CE00D15DE9 /* SceneDelegate.h */,
				CEBD557F26BAE4CE00D15DE9 /* SceneDelegate.m */,
				CEBD558126BAE4CE00D15DE9 /* ViewController.h */,
				CEBD558226BAE4CE00D15DE9 /* ViewController.m */,
				CEBD55B326BB237D00D15DE9 /* Contato.h */,
				CEBD55B426BB237D00D15DE9 /* Contato.m */,
				CEBD558426BAE4CE00D15DE9 /* Main.storyboard */,
				CEBD55B626BB407E00D15DE9 /* ListaDeContatos.h */,
				CEBD55B726BB407E00D15DE9 /* ListaDeContatos.m */,
				CEBD558A26BAE4CF00D15DE9 /* Assets.xcassets */,
				CEBD558C26BAE4CF00D15DE9 /* LaunchScreen.storyboard */,
				CEBD558F26BAE4CF00D15DE9 /* Info.plist */,
				CEBD559026BAE4CF00D15DE9 /* main.m */,
				CEBD558726BAE4CE00D15DE9 /* AgendaDeContatos.xcdatamodeld */,
			);
			path = AgendaDeContatos;
			sourceTree = "<group>";
		};
		CEBD559926BAE4D000D15DE9 /* AgendaDeContatosTests */ = {
			isa = PBXGroup;
			children = (
				CEBD559A26BAE4D000D15DE9 /* AgendaDeContatosTests.m */,
				CEBD559C26BAE4D000D15DE9 /* Info.plist */,
			);
			path = AgendaDeContatosTests;
			sourceTree = "<group>";
		};
		CEBD55A426BAE4D000D15DE9 /* AgendaDeContatosUITests */ = {
			isa = PBXGroup;
			children = (
				CEBD55A526BAE4D000D15DE9 /* AgendaDeContatosUITests.m */,
				CEBD55A726BAE4D000D15DE9 /* Info.plist */,
			);
			path = AgendaDeContatosUITests;
			sourceTree = "<group>";
		};
/* End PBXGroup section */

/* Begin PBXNativeTarget section */
		CEBD557726BAE4CE00D15DE9 /* AgendaDeContatos */ = {
			isa = PBXNativeTarget;
			buildConfigurationList = CEBD55AA26BAE4D000D15DE9 /* Build configuration list for PBXNativeTarget "AgendaDeContatos" */;
			buildPhases = (
				CEBD557426BAE4CE00D15DE9 /* Sources */,
				CEBD557526BAE4CE00D15DE9 /* Frameworks */,
				CEBD557626BAE4CE00D15DE9 /* Resources */,
			);
			buildRules = (
			);
			dependencies = (
			);
			name = AgendaDeContatos;
			productName = AgendaDeContatos;
			productReference = CEBD557826BAE4CE00D15DE9 /* AgendaDeContatos.app */;
			productType = "com.apple.product-type.application";
		};
		CEBD559526BAE4D000D15DE9 /* AgendaDeContatosTests */ = {
			isa = PBXNativeTarget;
			buildConfigurationList = CEBD55AD26BAE4D000D15DE9 /* Build configuration list for PBXNativeTarget "AgendaDeContatosTests" */;
			buildPhases = (
				CEBD559226BAE4D000D15DE9 /* Sources */,
				CEBD559326BAE4D000D15DE9 /* Frameworks */,
				CEBD559426BAE4D000D15DE9 /* Resources */,
			);
			buildRules = (
			);
			dependencies = (
				CEBD559826BAE4D000D15DE9 /* PBXTargetDependency */,
			);
			name = AgendaDeContatosTests;
			productName = AgendaDeContatosTests;
			productReference = CEBD559626BAE4D000D15DE9 /* AgendaDeContatosTests.xctest */;
			productType = "com.apple.product-type.bundle.unit-test";
		};
		CEBD55A026BAE4D000D15DE9 /* AgendaDeContatosUITests */ = {
			isa = PBXNativeTarget;
			buildConfigurationList = CEBD55B026BAE4D000D15DE9 /* Build configuration list for PBXNativeTarget "AgendaDeContatosUITests" */;
			buildPhases = (
				CEBD559D26BAE4D000D15DE9 /* Sources */,
				CEBD559E26BAE4D000D15DE9 /* Frameworks */,
				CEBD559F26BAE4D000D15DE9 /* Resources */,
			);
			buildRules = (
			);
			dependencies = (
				CEBD55A326BAE4D000D15DE9 /* PBXTargetDependency */,
			);
			name = AgendaDeContatosUITests;
			productName = AgendaDeContatosUITests;
			productReference = CEBD55A126BAE4D000D15DE9 /* AgendaDeContatosUITests.xctest */;
			productType = "com.apple.product-type.bundle.ui-testing";
		};
/* End PBXNativeTarget section */

/* Begin PBXProject section */
		CEBD557026BAE4CE00D15DE9 /* Project object */ = {
			isa = PBXProject;
			attributes = {
				LastUpgradeCheck = 1250;
				TargetAttributes = {
					CEBD557726BAE4CE00D15DE9 = {
						CreatedOnToolsVersion = 12.5;
					};
					CEBD559526BAE4D000D15DE9 = {
						CreatedOnToolsVersion = 12.5;
						TestTargetID = CEBD557726BAE4CE00D15DE9;
					};
					CEBD55A026BAE4D000D15DE9 = {
						CreatedOnToolsVersion = 12.5;
						TestTargetID = CEBD557726BAE4CE00D15DE9;
					};
				};
			};
			buildConfigurationList = CEBD557326BAE4CE00D15DE9 /* Build configuration list for PBXProject "AgendaDeContatos" */;
			compatibilityVersion = "Xcode 9.3";
			developmentRegion = en;
			hasScannedForEncodings = 0;
			knownRegions = (
				en,
				Base,
			);
			mainGroup = CEBD556F26BAE4CE00D15DE9;
			productRefGroup = CEBD557926BAE4CE00D15DE9 /* Products */;
			projectDirPath = "";
			projectRoot = "";
			targets = (
				CEBD557726BAE4CE00D15DE9 /* AgendaDeContatos */,
				CEBD559526BAE4D000D15DE9 /* AgendaDeContatosTests */,
				CEBD55A026BAE4D000D15DE9 /* AgendaDeContatosUITests */,
			);
		};
/* End PBXProject section */

/* Begin PBXResourcesBuildPhase section */
		CEBD557626BAE4CE00D15DE9 /* Resources */ = {
			isa = PBXResourcesBuildPhase;
			buildActionMask = 2147483647;
			files = (
				CEBD558E26BAE4CF00D15DE9 /* LaunchScreen.storyboard in Resources */,
				CEBD558B26BAE4CF00D15DE9 /* Assets.xcassets in Resources */,
				CEBD558626BAE4CE00D15DE9 /* Main.storyboard in Resources */,
			);
			runOnlyForDeploymentPostprocessing = 0;
		};
		CEBD559426BAE4D000D15DE9 /* Resources */ = {
			isa = PBXResourcesBuildPhase;
			buildActionMask = 2147483647;
			files = (
			);
			runOnlyForDeploymentPostprocessing = 0;
		};
		CEBD559F26BAE4D000D15DE9 /* Resources */ = {
			isa = PBXResourcesBuildPhase;
			buildActionMask = 2147483647;
			files = (
			);
			runOnlyForDeploymentPostprocessing = 0;
		};
/* End PBXResourcesBuildPhase section */

/* Begin PBXSourcesBuildPhase section */
		CEBD557426BAE4CE00D15DE9 /* Sources */ = {
			isa = PBXSourcesBuildPhase;
			buildActionMask = 2147483647;
			files = (
				CEBD55B826BB407E00D15DE9 /* ListaDeContatos.m in Sources */,
				CEBD559126BAE4CF00D15DE9 /* main.m in Sources */,
				CEBD558326BAE4CE00D15DE9 /* ViewController.m in Sources */,
				CEBD558926BAE4CE00D15DE9 /* AgendaDeContatos.xcdatamodeld in Sources */,
				CEBD557D26BAE4CE00D15DE9 /* AppDelegate.m in Sources */,
				CEBD55B526BB237D00D15DE9 /* Contato.m in Sources */,
				CEBD558026BAE4CE00D15DE9 /* SceneDelegate.m in Sources */,
			);
			runOnlyForDeploymentPostprocessing = 0;
		};
		CEBD559226BAE4D000D15DE9 /* Sources */ = {
			isa = PBXSourcesBuildPhase;
			buildActionMask = 2147483647;
			files = (
				CEBD559B26BAE4D000D15DE9 /* AgendaDeContatosTests.m in Sources */,
			);
			runOnlyForDeploymentPostprocessing = 0;
		};
		CEBD559D26BAE4D000D15DE9 /* Sources */ = {
			isa = PBXSourcesBuildPhase;
			buildActionMask = 2147483647;
			files = (
				CEBD55A626BAE4D000D15DE9 /* AgendaDeContatosUITests.m in Sources */,
			);
			runOnlyForDeploymentPostprocessing = 0;
		};
/* End PBXSourcesBuildPhase section */

/* Begin PBXTargetDependency section */
		CEBD559826BAE4D000D15DE9 /* PBXTargetDependency */ = {
			isa = PBXTargetDependency;
			target = CEBD557726BAE4CE00D15DE9 /* AgendaDeContatos */;
			targetProxy = CEBD559726BAE4D000D15DE9 /* PBXContainerItemProxy */;
		};
		CEBD55A326BAE4D000D15DE9 /* PBXTargetDependency */ = {
			isa = PBXTargetDependency;
			target = CEBD557726BAE4CE00D15DE9 /* AgendaDeContatos */;
			targetProxy = CEBD55A226BAE4D000D15DE9 /* PBXContainerItemProxy */;
		};
/* End PBXTargetDependency section */

/* Begin PBXVariantGroup section */
		CEBD558426BAE4CE00D15DE9 /* Main.storyboard */ = {
			isa = PBXVariantGroup;
			children = (
				CEBD558526BAE4CE00D15DE9 /* Base */,
			);
			name = Main.storyboard;
			sourceTree = "<group>";
		};
		CEBD558C26BAE4CF00D15DE9 /* LaunchScreen.storyboard */ = {
			isa = PBXVariantGroup;
			children = (
				CEBD558D26BAE4CF00D15DE9 /* Base */,
			);
			name = LaunchScreen.storyboard;
			sourceTree = "<group>";
		};
/* End PBXVariantGroup section */

/* Begin XCBuildConfiguration section */
		CEBD55A826BAE4D000D15DE9 /* Debug */ = {
			isa = XCBuildConfiguration;
			buildSettings = {
				ALWAYS_SEARCH_USER_PATHS = NO;
				CLANG_ANALYZER_NONNULL = YES;
				CLANG_ANALYZER_NUMBER_OBJECT_CONVERSION = YES_AGGRESSIVE;
				CLANG_CXX_LANGUAGE_STANDARD = "gnu++14";
				CLANG_CXX_LIBRARY = "libc++";
				CLANG_ENABLE_MODULES = YES;
				CLANG_ENABLE_OBJC_ARC = YES;
				CLANG_ENABLE_OBJC_WEAK = YES;
				CLANG_WARN_BLOCK_CAPTURE_AUTORELEASING = YES;
				CLANG_WARN_BOOL_CONVERSION = YES;
				CLANG_WARN_COMMA = YES;
				CLANG_WARN_CONSTANT_CONVERSION = YES;
				CLANG_WARN_DEPRECATED_OBJC_IMPLEMENTATIONS = YES;
				CLANG_WARN_DIRECT_OBJC_ISA_USAGE = YES_ERROR;
				CLANG_WARN_DOCUMENTATION_COMMENTS = YES;
				CLANG_WARN_EMPTY_BODY = YES;
				CLANG_WARN_ENUM_CONVERSION = YES;
				CLANG_WARN_INFINITE_RECURSION = YES;
				CLANG_WARN_INT_CONVERSION = YES;
				CLANG_WARN_NON_LITERAL_NULL_CONVERSION = YES;
				CLANG_WARN_OBJC_IMPLICIT_RETAIN_SELF = YES;
				CLANG_WARN_OBJC_LITERAL_CONVERSION = YES;
				CLANG_WARN_OBJC_ROOT_CLASS = YES_ERROR;
				CLANG_WARN_QUOTED_INCLUDE_IN_FRAMEWORK_HEADER = YES;
				CLANG_WARN_RANGE_LOOP_ANALYSIS = YES;
				CLANG_WARN_STRICT_PROTOTYPES = YES;
				CLANG_WARN_SUSPICIOUS_MOVE = YES;
				CLANG_WARN_UNGUARDED_AVAILABILITY = YES_AGGRESSIVE;
				CLANG_WARN_UNREACHABLE_CODE = YES;
				CLANG_WARN__DUPLICATE_METHOD_MATCH = YES;
				COPY_PHASE_STRIP = NO;
				DEBUG_INFORMATION_FORMAT = dwarf;
				ENABLE_STRICT_OBJC_MSGSEND = YES;
				ENABLE_TESTABILITY = YES;
				GCC_C_LANGUAGE_STANDARD = gnu11;
				GCC_DYNAMIC_NO_PIC = NO;
				GCC_NO_COMMON_BLOCKS = YES;
				GCC_OPTIMIZATION_LEVEL = 0;
				GCC_PREPROCESSOR_DEFINITIONS = (
					"DEBUG=1",
					"$(inherited)",
				);
				GCC_WARN_64_TO_32_BIT_CONVERSION = YES;
				GCC_WARN_ABOUT_RETURN_TYPE = YES_ERROR;
				GCC_WARN_UNDECLARED_SELECTOR = YES;
				GCC_WARN_UNINITIALIZED_AUTOS = YES_AGGRESSIVE;
				GCC_WARN_UNUSED_FUNCTION = YES;
				GCC_WARN_UNUSED_VARIABLE = YES;
				IPHONEOS_DEPLOYMENT_TARGET = 14.5;
				MTL_ENABLE_DEBUG_INFO = INCLUDE_SOURCE;
				MTL_FAST_MATH = YES;
				ONLY_ACTIVE_ARCH = YES;
				SDKROOT = iphoneos;
			};
			name = Debug;
		};
		CEBD55A926BAE4D000D15DE9 /* Release */ = {
			isa = XCBuildConfiguration;
			buildSettings = {
				ALWAYS_SEARCH_USER_PATHS = NO;
				CLANG_ANALYZER_NONNULL = YES;
				CLANG_ANALYZER_NUMBER_OBJECT_CONVERSION = YES_AGGRESSIVE;
				CLANG_CXX_LANGUAGE_STANDARD = "gnu++14";
				CLANG_CXX_LIBRARY = "libc++";
				CLANG_ENABLE_MODULES = YES;
				CLANG_ENABLE_OBJC_ARC = YES;
				CLANG_ENABLE_OBJC_WEAK = YES;
				CLANG_WARN_BLOCK_CAPTURE_AUTORELEASING = YES;
				CLANG_WARN_BOOL_CONVERSION = YES;
				CLANG_WARN_COMMA = YES;
				CLANG_WARN_CONSTANT_CONVERSION = YES;
				CLANG_WARN_DEPRECATED_OBJC_IMPLEMENTATIONS = YES;
				CLANG_WARN_DIRECT_OBJC_ISA_USAGE = YES_ERROR;
				CLANG_WARN_DOCUMENTATION_COMMENTS = YES;
				CLANG_WARN_EMPTY_BODY = YES;
				CLANG_WARN_ENUM_CONVERSION = YES;
				CLANG_WARN_INFINITE_RECURSION = YES;
				CLANG_WARN_INT_CONVERSION = YES;
				CLANG_WARN_NON_LITERAL_NULL_CONVERSION = YES;
				CLANG_WARN_OBJC_IMPLICIT_RETAIN_SELF = YES;
				CLANG_WARN_OBJC_LITERAL_CONVERSION = YES;
				CLANG_WARN_OBJC_ROOT_CLASS = YES_ERROR;
				CLANG_WARN_QUOTED_INCLUDE_IN_FRAMEWORK_HEADER = YES;
				CLANG_WARN_RANGE_LOOP_ANALYSIS = YES;
				CLANG_WARN_STRICT_PROTOTYPES = YES;
				CLANG_WARN_SUSPICIOUS_MOVE = YES;
				CLANG_WARN_UNGUARDED_AVAILABILITY = YES_AGGRESSIVE;
				CLANG_WARN_UNREACHABLE_CODE = YES;
				CLANG_WARN__DUPLICATE_METHOD_MATCH = YES;
				COPY_PHASE_STRIP = NO;
				DEBUG_INFORMATION_FORMAT = "dwarf-with-dsym";
				ENABLE_NS_ASSERTIONS = NO;
				ENABLE_STRICT_OBJC_MSGSEND = YES;
				GCC_C_LANGUAGE_STANDARD = gnu11;
				GCC_NO_COMMON_BLOCKS = YES;
				GCC_WARN_64_TO_32_BIT_CONVERSION = YES;
				GCC_WARN_ABOUT_RETURN_TYPE = YES_ERROR;
				GCC_WARN_UNDECLARED_SELECTOR = YES;
				GCC_WARN_UNINITIALIZED_AUTOS = YES_AGGRESSIVE;
				GCC_WARN_UNUSED_FUNCTION = YES;
				GCC_WARN_UNUSED_VARIABLE = YES;
				IPHONEOS_DEPLOYMENT_TARGET = 14.5;
				MTL_ENABLE_DEBUG_INFO = NO;
				MTL_FAST_MATH = YES;
				SDKROOT = iphoneos;
				VALIDATE_PRODUCT = YES;
			};
			name = Release;
		};
		CEBD55AB26BAE4D000D15DE9 /* Debug */ = {
			isa = XCBuildConfiguration;
			buildSettings = {
				ASSETCATALOG_COMPILER_APPICON_NAME = AppIcon;
				ASSETCATALOG_COMPILER_GLOBAL_ACCENT_COLOR_NAME = AccentColor;
				CODE_SIGN_STYLE = Automatic;
				DEVELOPMENT_TEAM = RVV2487989;
				INFOPLIST_FILE = AgendaDeContatos/Info.plist;
				LD_RUNPATH_SEARCH_PATHS = (
					"$(inherited)",
					"@executable_path/Frameworks",
				);
				PRODUCT_BUNDLE_IDENTIFIER = "Beatriz-Souza.AgendaDeContatos";
				PRODUCT_NAME = "$(TARGET_NAME)";
				TARGETED_DEVICE_FAMILY = "1,2";
			};
			name = Debug;
		};
		CEBD55AC26BAE4D000D15DE9 /* Release */ = {
			isa = XCBuildConfiguration;
			buildSettings = {
				ASSETCATALOG_COMPILER_APPICON_NAME = AppIcon;
				ASSETCATALOG_COMPILER_GLOBAL_ACCENT_COLOR_NAME = AccentColor;
				CODE_SIGN_STYLE = Automatic;
				DEVELOPMENT_TEAM = RVV2487989;
				INFOPLIST_FILE = AgendaDeContatos/Info.plist;
				LD_RUNPATH_SEARCH_PATHS = (
					"$(inherited)",
					"@executable_path/Frameworks",
				);
				PRODUCT_BUNDLE_IDENTIFIER = "Beatriz-Souza.AgendaDeContatos";
				PRODUCT_NAME = "$(TARGET_NAME)";
				TARGETED_DEVICE_FAMILY = "1,2";
			};
			name = Release;
		};
		CEBD55AE26BAE4D000D15DE9 /* Debug */ = {
			isa = XCBuildConfiguration;
			buildSettings = {
				BUNDLE_LOADER = "$(TEST_HOST)";
				CODE_SIGN_STYLE = Automatic;
				DEVELOPMENT_TEAM = RVV2487989;
				INFOPLIST_FILE = AgendaDeContatosTests/Info.plist;
				IPHONEOS_DEPLOYMENT_TARGET = 14.5;
				LD_RUNPATH_SEARCH_PATHS = (
					"$(inherited)",
					"@executable_path/Frameworks",
					"@loader_path/Frameworks",
				);
				PRODUCT_BUNDLE_IDENTIFIER = "Beatriz-Souza.AgendaDeContatosTests";
				PRODUCT_NAME = "$(TARGET_NAME)";
				TARGETED_DEVICE_FAMILY = "1,2";
				TEST_HOST = "$(BUILT_PRODUCTS_DIR)/AgendaDeContatos.app/AgendaDeContatos";
			};
			name = Debug;
		};
		CEBD55AF26BAE4D000D15DE9 /* Release */ = {
			isa = XCBuildConfiguration;
			buildSettings = {
				BUNDLE_LOADER = "$(TEST_HOST)";
				CODE_SIGN_STYLE = Automatic;
				DEVELOPMENT_TEAM = RVV2487989;
				INFOPLIST_FILE = AgendaDeContatosTests/Info.plist;
				IPHONEOS_DEPLOYMENT_TARGET = 14.5;
				LD_RUNPATH_SEARCH_PATHS = (
					"$(inherited)",
					"@executable_path/Frameworks",
					"@loader_path/Frameworks",
				);
				PRODUCT_BUNDLE_IDENTIFIER = "Beatriz-Souza.AgendaDeContatosTests";
				PRODUCT_NAME = "$(TARGET_NAME)";
				TARGETED_DEVICE_FAMILY = "1,2";
				TEST_HOST = "$(BUILT_PRODUCTS_DIR)/AgendaDeContatos.app/AgendaDeContatos";
			};
			name = Release;
		};
		CEBD55B126BAE4D000D15DE9 /* Debug */ = {
			isa = XCBuildConfiguration;
			buildSettings = {
				CODE_SIGN_STYLE = Automatic;
				DEVELOPMENT_TEAM = RVV2487989;
				INFOPLIST_FILE = AgendaDeContatosUITests/Info.plist;
				LD_RUNPATH_SEARCH_PATHS = (
					"$(inherited)",
					"@executable_path/Frameworks",
					"@loader_path/Frameworks",
				);
				PRODUCT_BUNDLE_IDENTIFIER = "Beatriz-Souza.AgendaDeContatosUITests";
				PRODUCT_NAME = "$(TARGET_NAME)";
				TARGETED_DEVICE_FAMILY = "1,2";
				TEST_TARGET_NAME = AgendaDeContatos;
			};
			name = Debug;
		};
		CEBD55B226BAE4D000D15DE9 /* Release */ = {
			isa = XCBuildConfiguration;
			buildSettings = {
				CODE_SIGN_STYLE = Automatic;
				DEVELOPMENT_TEAM = RVV2487989;
				INFOPLIST_FILE = AgendaDeContatosUITests/Info.plist;
				LD_RUNPATH_SEARCH_PATHS = (
					"$(inherited)",
					"@executable_path/Frameworks",
					"@loader_path/Frameworks",
				);
				PRODUCT_BUNDLE_IDENTIFIER = "Beatriz-Souza.AgendaDeContatosUITests";
				PRODUCT_NAME = "$(TARGET_NAME)";
				TARGETED_DEVICE_FAMILY = "1,2";
				TEST_TARGET_NAME = AgendaDeContatos;
			};
			name = Release;
		};
/* End XCBuildConfiguration section */

/* Begin XCConfigurationList section */
		CEBD557326BAE4CE00D15DE9 /* Build configuration list for PBXProject "AgendaDeContatos" */ = {
			isa = XCConfigurationList;
			buildConfigurations = (
				CEBD55A826BAE4D000D15DE9 /* Debug */,
				CEBD55A926BAE4D000D15DE9 /* Release */,
			);
			defaultConfigurationIsVisible = 0;
			defaultConfigurationName = Release;
		};
		CEBD55AA26BAE4D000D15DE9 /* Build configuration list for PBXNativeTarget "AgendaDeContatos" */ = {
			isa = XCConfigurationList;
			buildConfigurations = (
				CEBD55AB26BAE4D000D15DE9 /* Debug */,
				CEBD55AC26BAE4D000D15DE9 /* Release */,
			);
			defaultConfigurationIsVisible = 0;
			defaultConfigurationName = Release;
		};
		CEBD55AD26BAE4D000D15DE9 /* Build configuration list for PBXNativeTarget "AgendaDeContatosTests" */ = {
			isa = XCConfigurationList;
			buildConfigurations = (
				CEBD55AE26BAE4D000D15DE9 /* Debug */,
				CEBD55AF26BAE4D000D15DE9 /* Release */,
			);
			defaultConfigurationIsVisible = 0;
			defaultConfigurationName = Release;
		};
		CEBD55B026BAE4D000D15DE9 /* Build configuration list for PBXNativeTarget "AgendaDeContatosUITests" */ = {
			isa = XCConfigurationList;
			buildConfigurations = (
				CEBD55B126BAE4D000D15DE9 /* Debug */,
				CEBD55B226BAE4D000D15DE9 /* Release */,
			);
			defaultConfigurationIsVisible = 0;
			defaultConfigurationName = Release;
		};
/* End XCConfigurationList section */

/* Begin XCVersionGroup section */
		CEBD558726BAE4CE00D15DE9 /* AgendaDeContatos.xcdatamodeld */ = {
			isa = XCVersionGroup;
			children = (
				CEBD558826BAE4CE00D15DE9 /* AgendaDeContatos.xcdatamodel */,
			);
			currentVersion = CEBD558826BAE4CE00D15DE9 /* AgendaDeContatos.xcdatamodel */;
			path = AgendaDeContatos.xcdatamodeld;
			sourceTree = "<group>";
			versionGroupType = wrapper.xcdatamodel;
		};
/* End XCVersionGroup section */
	};
	rootObject = CEBD557026BAE4CE00D15DE9 /* Project object */;
}
